
Microsoft Visual Studio Solution File, Format Version 11.00
# Visual Studio 2010
Project("{FAE04EC0-301F-11D3-BF4B-00C04F79EFBC}") = "Assembly-CSharp", "Assembly-CSharp.csproj", "{2aa68d6c-259b-d045-51e0-cefb84f7c981}"
EndProject
Project("{FAE04EC0-301F-11D3-BF4B-00C04F79EFBC}") = "Assembly-CSharp-Editor", "Assembly-CSharp-Editor.csproj", "{940743ff-c942-4f7c-e493-94f03d701ead}"
EndProject
Global
	GlobalSection(SolutionConfigurationPlatforms) = preSolution
		Debug|Any CPU = Debug|Any CPU
	EndGlobalSection
	GlobalSection(ProjectConfigurationPlatforms) = postSolution
		{2aa68d6c-259b-d045-51e0-cefb84f7c981}.Debug|Any CPU.ActiveCfg = Debug|Any CPU
		{2aa68d6c-259b-d045-51e0-cefb84f7c981}.Debug|Any CPU.Build.0 = Debug|Any CPU
		{940743ff-c942-4f7c-e493-94f03d701ead}.Debug|Any CPU.ActiveCfg = Debug|Any CPU
		{940743ff-c942-4f7c-e493-94f03d701ead}.Debug|Any CPU.Build.0 = Debug|Any CPU
	EndGlobalSection
	GlobalSection(SolutionProperties) = preSolution
		HideSolutionNode = FALSE
	EndGlobalSection
EndGlobal
